
Microsoft Visual Studio Solution File, Format Version 12.00
# Visual Studio Version 17
VisualStudioVersion = 17.10.34707.107
MinimumVisualStudioVersion = 10.0.40219.1
Project("{9A19103F-16F7-4668-BE54-9A1E7A4F7556}") = "TostCorp.CollectionExtensions", "src\TostCorp.CollectionExtensions\TostCorp.CollectionExtensions.csproj", "{41A85931-026C-41D6-909D-EE57A2D929F5}"
EndProject
Project("{2150E333-8FDC-42A3-9474-1A3956D46DE8}") = "Solution Items", "Solution Items", "{3001D8A8-2CC4-49D9-97E9-EF3489BB7D85}"
	ProjectSection(SolutionItems) = preProject
		.editorconfig = .editorconfig
		.gitattributes = .gitattributes
		.gitignore = .gitignore
		Directory.Build.props = Directory.Build.props
		LICENSE = LICENSE
		README.md = README.md
	EndProjectSection
EndProject
Project("{2150E333-8FDC-42A3-9474-1A3956D46DE8}") = ".github", ".github", "{625E140C-DA5D-4284-90EC-2D7A269A76A7}"
EndProject
Project("{2150E333-8FDC-42A3-9474-1A3956D46DE8}") = "workflows", "workflows", "{32B91AF3-FFE6-48C1-9F7E-94561CE31399}"
	ProjectSection(SolutionItems) = preProject
		pr-closed.yml = pr-closed.yml
		pr-new.yml = pr-new.yml
	EndProjectSection
EndProject
Global
	GlobalSection(SolutionConfigurationPlatforms) = preSolution
		Debug|Any CPU = Debug|Any CPU
		Release|Any CPU = Release|Any CPU
	EndGlobalSection
	GlobalSection(ProjectConfigurationPlatforms) = postSolution
		{41A85931-026C-41D6-909D-EE57A2D929F5}.Debug|Any CPU.ActiveCfg = Debug|Any CPU
		{41A85931-026C-41D6-909D-EE57A2D929F5}.Debug|Any CPU.Build.0 = Debug|Any CPU
		{41A85931-026C-41D6-909D-EE57A2D929F5}.Release|Any CPU.ActiveCfg = Release|Any CPU
		{41A85931-026C-41D6-909D-EE57A2D929F5}.Release|Any CPU.Build.0 = Release|Any CPU
	EndGlobalSection
	GlobalSection(SolutionProperties) = preSolution
		HideSolutionNode = FALSE
	EndGlobalSection
	GlobalSection(NestedProjects) = preSolution
		{625E140C-DA5D-4284-90EC-2D7A269A76A7} = {3001D8A8-2CC4-49D9-97E9-EF3489BB7D85}
		{32B91AF3-FFE6-48C1-9F7E-94561CE31399} = {625E140C-DA5D-4284-90EC-2D7A269A76A7}
	EndGlobalSection
	GlobalSection(ExtensibilityGlobals) = postSolution
		SolutionGuid = {B1CC352A-3156-4D93-B379-DFEF2CA12BAD}
	EndGlobalSection
EndGlobal
